
Microsoft Visual Studio Solution File, Format Version 12.00
# Visual Studio Version 16
VisualStudioVersion = 16.0.29411.108
MinimumVisualStudioVersion = 10.0.40219.1
Project("{9A19103F-16F7-4668-BE54-9A1E7A4F7556}") = "PrzychodniaBackend.Api", "PrzychodniaBackend.Api\PrzychodniaBackend.Api.csproj", "{7DB61C83-E3BB-4E07-B1EE-50EDC3CFFFA2}"
EndProject
Project("{9A19103F-16F7-4668-BE54-9A1E7A4F7556}") = "PrzychodniaBackend.Application", "PrzychodniaBackend.Domain\PrzychodniaBackend.Application.csproj", "{4909A73F-4ACE-4CDC-A344-F01DC09073BA}"
EndProject
Project("{9A19103F-16F7-4668-BE54-9A1E7A4F7556}") = "PrzychodniaBackend.EntityFrameworkCore", "PrzychodniaBackend.EntityFrameworkCore\PrzychodniaBackend.EntityFrameworkCore.csproj", "{20713408-C56B-4B9F-B49F-F440B53B7C53}"
EndProject
Project("{FAE04EC0-301F-11D3-BF4B-00C04F79EFBC}") = "PrzychodniaBackend.UnitTests", "PrzychodniaBackend.UnitTests\PrzychodniaBackend.UnitTests.csproj", "{338CEF4A-C953-4579-A367-0C2F12EAF3E8}"
EndProject
Project("{FAE04EC0-301F-11D3-BF4B-00C04F79EFBC}") = "PrzychodniaBackend.Shared", "PrzychodniaBackend.Shared\PrzychodniaBackend.Shared.csproj", "{AF9B7F2D-3CB2-4921-9F3B-B0B77AB7DF37}"
EndProject
Global
	GlobalSection(SolutionConfigurationPlatforms) = preSolution
		Debug|Any CPU = Debug|Any CPU
		Release|Any CPU = Release|Any CPU
	EndGlobalSection
	GlobalSection(ProjectConfigurationPlatforms) = postSolution
		{7DB61C83-E3BB-4E07-B1EE-50EDC3CFFFA2}.Debug|Any CPU.ActiveCfg = Debug|Any CPU
		{7DB61C83-E3BB-4E07-B1EE-50EDC3CFFFA2}.Debug|Any CPU.Build.0 = Debug|Any CPU
		{7DB61C83-E3BB-4E07-B1EE-50EDC3CFFFA2}.Release|Any CPU.ActiveCfg = Release|Any CPU
		{7DB61C83-E3BB-4E07-B1EE-50EDC3CFFFA2}.Release|Any CPU.Build.0 = Release|Any CPU
		{4909A73F-4ACE-4CDC-A344-F01DC09073BA}.Debug|Any CPU.ActiveCfg = Debug|Any CPU
		{4909A73F-4ACE-4CDC-A344-F01DC09073BA}.Debug|Any CPU.Build.0 = Debug|Any CPU
		{4909A73F-4ACE-4CDC-A344-F01DC09073BA}.Release|Any CPU.ActiveCfg = Release|Any CPU
		{4909A73F-4ACE-4CDC-A344-F01DC09073BA}.Release|Any CPU.Build.0 = Release|Any CPU
		{20713408-C56B-4B9F-B49F-F440B53B7C53}.Debug|Any CPU.ActiveCfg = Debug|Any CPU
		{20713408-C56B-4B9F-B49F-F440B53B7C53}.Debug|Any CPU.Build.0 = Debug|Any CPU
		{20713408-C56B-4B9F-B49F-F440B53B7C53}.Release|Any CPU.ActiveCfg = Release|Any CPU
		{20713408-C56B-4B9F-B49F-F440B53B7C53}.Release|Any CPU.Build.0 = Release|Any CPU
		{338CEF4A-C953-4579-A367-0C2F12EAF3E8}.Debug|Any CPU.ActiveCfg = Debug|Any CPU
		{338CEF4A-C953-4579-A367-0C2F12EAF3E8}.Debug|Any CPU.Build.0 = Debug|Any CPU
		{338CEF4A-C953-4579-A367-0C2F12EAF3E8}.Release|Any CPU.ActiveCfg = Release|Any CPU
		{338CEF4A-C953-4579-A367-0C2F12EAF3E8}.Release|Any CPU.Build.0 = Release|Any CPU
		{AF9B7F2D-3CB2-4921-9F3B-B0B77AB7DF37}.Debug|Any CPU.ActiveCfg = Debug|Any CPU
		{AF9B7F2D-3CB2-4921-9F3B-B0B77AB7DF37}.Debug|Any CPU.Build.0 = Debug|Any CPU
		{AF9B7F2D-3CB2-4921-9F3B-B0B77AB7DF37}.Release|Any CPU.ActiveCfg = Release|Any CPU
		{AF9B7F2D-3CB2-4921-9F3B-B0B77AB7DF37}.Release|Any CPU.Build.0 = Release|Any CPU
	EndGlobalSection
	GlobalSection(SolutionProperties) = preSolution
		HideSolutionNode = FALSE
	EndGlobalSection
	GlobalSection(ExtensibilityGlobals) = postSolution
		SolutionGuid = {E0DD72D6-E070-4730-93BE-56847B414ED0}
	EndGlobalSection
EndGlobal
